
Microsoft Visual Studio Solution File, Format Version 12.00
# Visual Studio 15
Project("{FAE04EC0-301F-11D3-BF4B-00C04F79EFBC}") = "Requisitolândia", "Assembly-CSharp.csproj", "{90A006B9-F76A-361C-C2DE-3DB971EDBA6B}"
EndProject
Project("{FAE04EC0-301F-11D3-BF4B-00C04F79EFBC}") = "Requisitolândia", "Assembly-CSharp-Editor.csproj", "{9F624BB1-F524-CAAB-73DF-56F5251DE9DF}"
EndProject
Global
	GlobalSection(SolutionConfigurationPlatforms) = preSolution
		Debug|Any CPU = Debug|Any CPU
		Release|Any CPU = Release|Any CPU
	EndGlobalSection
	GlobalSection(ProjectConfigurationPlatforms) = postSolution
		{90A006B9-F76A-361C-C2DE-3DB971EDBA6B}.Debug|Any CPU.ActiveCfg = Debug|Any CPU
		{90A006B9-F76A-361C-C2DE-3DB971EDBA6B}.Debug|Any CPU.Build.0 = Debug|Any CPU
		{90A006B9-F76A-361C-C2DE-3DB971EDBA6B}.Release|Any CPU.ActiveCfg = Release|Any CPU
		{90A006B9-F76A-361C-C2DE-3DB971EDBA6B}.Release|Any CPU.Build.0 = Release|Any CPU
		{9F624BB1-F524-CAAB-73DF-56F5251DE9DF}.Debug|Any CPU.ActiveCfg = Debug|Any CPU
		{9F624BB1-F524-CAAB-73DF-56F5251DE9DF}.Debug|Any CPU.Build.0 = Debug|Any CPU
		{9F624BB1-F524-CAAB-73DF-56F5251DE9DF}.Release|Any CPU.ActiveCfg = Release|Any CPU
		{9F624BB1-F524-CAAB-73DF-56F5251DE9DF}.Release|Any CPU.Build.0 = Release|Any CPU
	EndGlobalSection
	GlobalSection(SolutionProperties) = preSolution
		HideSolutionNode = FALSE
	EndGlobalSection
EndGlobal
